{
  "name": "packages",
  "lockfileVersion": 3,
  "requires": true,
  "packages": {
    "": {
      "dependencies": {
        "niv_dice_roller": "^0.1.0"
      }
    },
    "node_modules/niv_dice_roller": {
      "version": "0.1.0",
      "resolved": "https://registry.npmjs.org/niv_dice_roller/-/niv_dice_roller-0.1.0.tgz",
      "integrity": "sha512-g7V1Bkmg8Zi38iEHMRCLKyaFiipsQW6XzVzcyfbAAAzeBRkXqWFGlmt4ZXoGL63Jod7LNU+2EoEcN3Yt9liCEA=="
    }
  }
}
